
Microsoft Visual Studio Solution File, Format Version 12.00
# Visual Studio 15
VisualStudioVersion = 15.0.28306.52
MinimumVisualStudioVersion = 10.0.40219.1
Project("{FAE04EC0-301F-11D3-BF4B-00C04F79EFBC}") = "CRM_BL", "CRM_BL\CRM_BL.csproj", "{B55697F0-F4EF-4B74-9D2E-9F23852060C4}"
EndProject
Project("{FAE04EC0-301F-11D3-BF4B-00C04F79EFBC}") = "CRM_UI", "CRM_UI\CRM_UI.csproj", "{CB6EE939-FFB3-41FE-BFE0-FF8967F383FB}"
EndProject
Project("{FAE04EC0-301F-11D3-BF4B-00C04F79EFBC}") = "CRM_BLTests", "CRM_BLTests\CRM_BLTests.csproj", "{2A09E6D6-BE2A-4D28-B010-014F94659DD7}"
EndProject
Global
	GlobalSection(SolutionConfigurationPlatforms) = preSolution
		Debug|Any CPU = Debug|Any CPU
		Release|Any CPU = Release|Any CPU
	EndGlobalSection
	GlobalSection(ProjectConfigurationPlatforms) = postSolution
		{B55697F0-F4EF-4B74-9D2E-9F23852060C4}.Debug|Any CPU.ActiveCfg = Debug|Any CPU
		{B55697F0-F4EF-4B74-9D2E-9F23852060C4}.Debug|Any CPU.Build.0 = Debug|Any CPU
		{B55697F0-F4EF-4B74-9D2E-9F23852060C4}.Release|Any CPU.ActiveCfg = Release|Any CPU
		{B55697F0-F4EF-4B74-9D2E-9F23852060C4}.Release|Any CPU.Build.0 = Release|Any CPU
		{CB6EE939-FFB3-41FE-BFE0-FF8967F383FB}.Debug|Any CPU.ActiveCfg = Debug|Any CPU
		{CB6EE939-FFB3-41FE-BFE0-FF8967F383FB}.Debug|Any CPU.Build.0 = Debug|Any CPU
		{CB6EE939-FFB3-41FE-BFE0-FF8967F383FB}.Release|Any CPU.ActiveCfg = Release|Any CPU
		{CB6EE939-FFB3-41FE-BFE0-FF8967F383FB}.Release|Any CPU.Build.0 = Release|Any CPU
		{2A09E6D6-BE2A-4D28-B010-014F94659DD7}.Debug|Any CPU.ActiveCfg = Debug|Any CPU
		{2A09E6D6-BE2A-4D28-B010-014F94659DD7}.Debug|Any CPU.Build.0 = Debug|Any CPU
		{2A09E6D6-BE2A-4D28-B010-014F94659DD7}.Release|Any CPU.ActiveCfg = Release|Any CPU
		{2A09E6D6-BE2A-4D28-B010-014F94659DD7}.Release|Any CPU.Build.0 = Release|Any CPU
	EndGlobalSection
	GlobalSection(SolutionProperties) = preSolution
		HideSolutionNode = FALSE
	EndGlobalSection
	GlobalSection(ExtensibilityGlobals) = postSolution
		SolutionGuid = {89B84211-BA66-4014-8457-EFD49DC7C0C9}
	EndGlobalSection
EndGlobal
